
Microsoft Visual Studio Solution File, Format Version 12.00
# Visual Studio Version 17
VisualStudioVersion = 17.9.34728.123
MinimumVisualStudioVersion = 10.0.40219.1
Project("{FAE04EC0-301F-11D3-BF4B-00C04F79EFBC}") = "FunCoding.ReVision.WebApi", "FunCoding.ReVision.WebApi\FunCoding.ReVision.WebApi.csproj", "{80F0D384-1E9A-402B-BAED-39DCA24FF7EA}"
EndProject
Global
	GlobalSection(SolutionConfigurationPlatforms) = preSolution
		Debug|Any CPU = Debug|Any CPU
		Release|Any CPU = Release|Any CPU
	EndGlobalSection
	GlobalSection(ProjectConfigurationPlatforms) = postSolution
		{80F0D384-1E9A-402B-BAED-39DCA24FF7EA}.Debug|Any CPU.ActiveCfg = Debug|Any CPU
		{80F0D384-1E9A-402B-BAED-39DCA24FF7EA}.Debug|Any CPU.Build.0 = Debug|Any CPU
		{80F0D384-1E9A-402B-BAED-39DCA24FF7EA}.Release|Any CPU.ActiveCfg = Release|Any CPU
		{80F0D384-1E9A-402B-BAED-39DCA24FF7EA}.Release|Any CPU.Build.0 = Release|Any CPU
	EndGlobalSection
	GlobalSection(SolutionProperties) = preSolution
		HideSolutionNode = FALSE
	EndGlobalSection
	GlobalSection(ExtensibilityGlobals) = postSolution
		SolutionGuid = {F20F037E-5445-46D2-86E7-68C4EC06EDEF}
	EndGlobalSection
EndGlobal
